
Microsoft Visual Studio Solution File, Format Version 12.00
# Visual Studio 15
VisualStudioVersion = 15.0.27703.2026
MinimumVisualStudioVersion = 10.0.40219.1
Project("{FAE04EC0-301F-11D3-BF4B-00C04F79EFBC}") = "Nhaama.Memory", "Nhaama.Memory\Nhaama.Memory.csproj", "{933935A7-8D04-42E8-AEE5-122B3AEED820}"
EndProject
Project("{FAE04EC0-301F-11D3-BF4B-00C04F79EFBC}") = "Nhaama.Memory.Cmd", "Nhaama.Memory.Cmd\Nhaama.Memory.Cmd.csproj", "{1A15E4E1-5F54-44B3-8055-6877A2EC1A41}"
EndProject
Project("{FAE04EC0-301F-11D3-BF4B-00C04F79EFBC}") = "Nhaama.FFXIV", "Nhaama.FFXIV\Nhaama.FFXIV.csproj", "{AF6E37BD-4598-4194-945B-C8F6EE9309FE}"
EndProject
Global
	GlobalSection(SolutionConfigurationPlatforms) = preSolution
		Debug|Any CPU = Debug|Any CPU
		Release|Any CPU = Release|Any CPU
	EndGlobalSection
	GlobalSection(ProjectConfigurationPlatforms) = postSolution
		{933935A7-8D04-42E8-AEE5-122B3AEED820}.Debug|Any CPU.ActiveCfg = Debug|x64
		{933935A7-8D04-42E8-AEE5-122B3AEED820}.Debug|Any CPU.Build.0 = Debug|x64
		{933935A7-8D04-42E8-AEE5-122B3AEED820}.Release|Any CPU.ActiveCfg = Release|x64
		{1A15E4E1-5F54-44B3-8055-6877A2EC1A41}.Debug|Any CPU.ActiveCfg = Debug|x64
		{1A15E4E1-5F54-44B3-8055-6877A2EC1A41}.Debug|Any CPU.Build.0 = Debug|x64
		{1A15E4E1-5F54-44B3-8055-6877A2EC1A41}.Release|Any CPU.ActiveCfg = Release|Any CPU
		{1A15E4E1-5F54-44B3-8055-6877A2EC1A41}.Release|Any CPU.Build.0 = Release|Any CPU
		{AF6E37BD-4598-4194-945B-C8F6EE9309FE}.Debug|Any CPU.ActiveCfg = Debug|Any CPU
		{AF6E37BD-4598-4194-945B-C8F6EE9309FE}.Debug|Any CPU.Build.0 = Debug|Any CPU
		{AF6E37BD-4598-4194-945B-C8F6EE9309FE}.Release|Any CPU.ActiveCfg = Release|Any CPU
		{AF6E37BD-4598-4194-945B-C8F6EE9309FE}.Release|Any CPU.Build.0 = Release|Any CPU
	EndGlobalSection
	GlobalSection(SolutionProperties) = preSolution
		HideSolutionNode = FALSE
	EndGlobalSection
	GlobalSection(ExtensibilityGlobals) = postSolution
		SolutionGuid = {D7A5AA58-0352-40B4-B44D-EEF641FE91D7}
	EndGlobalSection
EndGlobal
